// !$*UTF8*$!
{
	archiveVersion = 1;
	classes = {
	};
	objectVersion = 56;
	objects = {

/* Begin PBXBuildFile section */
		E15180CC2E8F520100A20CE5 /* SimulistenApp.swift in Sources */ = {isa = PBXBuildFile; fileRef = E15180CB2E8F520100A20CE5 /* SimulistenApp.swift */; };
		E15180CE2E8F520100A20CE5 /* ContentView.swift in Sources */ = {isa = PBXBuildFile; fileRef = E15180CD2E8F520100A20CE5 /* ContentView.swift */; };
		E15180D02E8F520200A20CE5 /* Assets.xcassets in Resources */ = {isa = PBXBuildFile; fileRef = E15180CF2E8F520200A20CE5 /* Assets.xcassets */; };
		E15180D32E8F520200A20CE5 /* Preview Assets.xcassets in Resources */ = {isa = PBXBuildFile; fileRef = E15180D22E8F520200A20CE5 /* Preview Assets.xcassets */; };
		E151813E2E8F950800A20CE5 /* book1.mp3 in Resources */ = {isa = PBXBuildFile; fileRef = E151813A2E8F950800A20CE5 /* book1.mp3 */; };
		E151813F2E8F950800A20CE5 /* music1.mp3 in Resources */ = {isa = PBXBuildFile; fileRef = E151813C2E8F950800A20CE5 /* music1.mp3 */; };
		E15181412E8F9A2900A20CE5 /* book2.mp3 in Resources */ = {isa = PBXBuildFile; fileRef = E15181402E8F9A2900A20CE5 /* book2.mp3 */; };
		E15181432E8F9A3100A20CE5 /* music2.mp3 in Resources */ = {isa = PBXBuildFile; fileRef = E15181422E8F9A3100A20CE5 /* music2.mp3 */; };
		E151814B2E92176F00A20CE5 /* book3.mp3 in Resources */ = {isa = PBXBuildFile; fileRef = E151814A2E92176F00A20CE5 /* book3.mp3 */; };
		E151814F2E92187F00A20CE5 /* music3.mp3 in Resources */ = {isa = PBXBuildFile; fileRef = E151814E2E92187F00A20CE5 /* music3.mp3 */; };
/* End PBXBuildFile section */

/* Begin PBXFileReference section */
		E15180C82E8F520100A20CE5 /* Simulisten.app */ = {isa = PBXFileReference; explicitFileType = wrapper.application; includeInIndex = 0; path = Simulisten.app; sourceTree = BUILT_PRODUCTS_DIR; };
		E15180CB2E8F520100A20CE5 /* SimulistenApp.swift */ = {isa = PBXFileReference; lastKnownFileType = sourcecode.swift; path = SimulistenApp.swift; sourceTree = "<group>"; };
		E15180CD2E8F520100A20CE5 /* ContentView.swift */ = {isa = PBXFileReference; lastKnownFileType = sourcecode.swift; path = ContentView.swift; sourceTree = "<group>"; };
		E15180CF2E8F520200A20CE5 /* Assets.xcassets */ = {isa = PBXFileReference; lastKnownFileType = folder.assetcatalog; path = Assets.xcassets; sourceTree = "<group>"; };
		E15180D22E8F520200A20CE5 /* Preview Assets.xcassets */ = {isa = PBXFileReference; lastKnownFileType = folder.assetcatalog; path = "Preview Assets.xcassets"; sourceTree = "<group>"; };
		E151813A2E8F950800A20CE5 /* book1.mp3 */ = {isa = PBXFileReference; lastKnownFileType = audio.mp3; path = book1.mp3; sourceTree = "<group>"; };
		E151813C2E8F950800A20CE5 /* music1.mp3 */ = {isa = PBXFileReference; lastKnownFileType = audio.mp3; path = music1.mp3; sourceTree = "<group>"; };
		E15181402E8F9A2900A20CE5 /* book2.mp3 */ = {isa = PBXFileReference; lastKnownFileType = audio.mp3; path = book2.mp3; sourceTree = "<group>"; };
		E15181422E8F9A3100A20CE5 /* music2.mp3 */ = {isa = PBXFileReference; lastKnownFileType = audio.mp3; path = music2.mp3; sourceTree = "<group>"; };
		E15181492E91554900A20CE5 /* Info.plist */ = {isa = PBXFileReference; lastKnownFileType = text.plist; path = Info.plist; sourceTree = "<group>"; };
		E151814A2E92176F00A20CE5 /* book3.mp3 */ = {isa = PBXFileReference; lastKnownFileType = audio.mp3; path = book3.mp3; sourceTree = "<group>"; };
		E151814E2E92187F00A20CE5 /* music3.mp3 */ = {isa = PBXFileReference; lastKnownFileType = audio.mp3; name = music3.mp3; path = ../../../../audio/audio_b/music3.mp3; sourceTree = "<group>"; };
/* End PBXFileReference section */

/* Begin PBXFrameworksBuildPhase section */
		E15180C52E8F520100A20CE5 /* Frameworks */ = {
			isa = PBXFrameworksBuildPhase;
			buildActionMask = 2147483647;
			files = (
			);
			runOnlyForDeploymentPostprocessing = 0;
		};
/* End PBXFrameworksBuildPhase section */

/* Begin PBXGroup section */
		E15180BF2E8F520100A20CE5 = {
			isa = PBXGroup;
			children = (
				E15180CA2E8F520100A20CE5 /* Simulisten */,
				E15180C92E8F520100A20CE5 /* Products */,
			);
			sourceTree = "<group>";
		};
		E15180C92E8F520100A20CE5 /* Products */ = {
			isa = PBXGroup;
			children = (
				E15180C82E8F520100A20CE5 /* Simulisten.app */,
			);
			name = Products;
			sourceTree = "<group>";
		};
		E15180CA2E8F520100A20CE5 /* Simulisten */ = {
			isa = PBXGroup;
			children = (
				E15181492E91554900A20CE5 /* Info.plist */,
				E151810D2E8F77FF00A20CE5 /* Audio */,
				E15180CB2E8F520100A20CE5 /* SimulistenApp.swift */,
				E15180CD2E8F520100A20CE5 /* ContentView.swift */,
				E15180CF2E8F520200A20CE5 /* Assets.xcassets */,
				E15180D12E8F520200A20CE5 /* Preview Content */,
			);
			path = Simulisten;
			sourceTree = "<group>";
		};
		E15180D12E8F520200A20CE5 /* Preview Content */ = {
			isa = PBXGroup;
			children = (
				E15180D22E8F520200A20CE5 /* Preview Assets.xcassets */,
			);
			path = "Preview Content";
			sourceTree = "<group>";
		};
		E151810D2E8F77FF00A20CE5 /* Audio */ = {
			isa = PBXGroup;
			children = (
				E151813B2E8F950800A20CE5 /* Books */,
				E151813D2E8F950800A20CE5 /* Music */,
			);
			path = Audio;
			sourceTree = "<group>";
		};
		E151813B2E8F950800A20CE5 /* Books */ = {
			isa = PBXGroup;
			children = (
				E151813A2E8F950800A20CE5 /* book1.mp3 */,
				E15181402E8F9A2900A20CE5 /* book2.mp3 */,
				E151814A2E92176F00A20CE5 /* book3.mp3 */,
			);
			path = Books;
			sourceTree = "<group>";
		};
		E151813D2E8F950800A20CE5 /* Music */ = {
			isa = PBXGroup;
			children = (
				E151813C2E8F950800A20CE5 /* music1.mp3 */,
				E15181422E8F9A3100A20CE5 /* music2.mp3 */,
				E151814E2E92187F00A20CE5 /* music3.mp3 */,
			);
			path = Music;
			sourceTree = "<group>";
		};
/* End PBXGroup section */

/* Begin PBXNativeTarget section */
		E15180C72E8F520100A20CE5 /* Simulisten */ = {
			isa = PBXNativeTarget;
			buildConfigurationList = E15180D62E8F520200A20CE5 /* Build configuration list for PBXNativeTarget "Simulisten" */;
			buildPhases = (
				E15180C42E8F520100A20CE5 /* Sources */,
				E15180C52E8F520100A20CE5 /* Frameworks */,
				E15180C62E8F520100A20CE5 /* Resources */,
			);
			buildRules = (
			);
			dependencies = (
			);
			name = Simulisten;
			productName = Simulisten;
			productReference = E15180C82E8F520100A20CE5 /* Simulisten.app */;
			productType = "com.apple.product-type.application";
		};
/* End PBXNativeTarget section */

/* Begin PBXProject section */
		E15180C02E8F520100A20CE5 /* Project object */ = {
			isa = PBXProject;
			attributes = {
				BuildIndependentTargetsInParallel = 1;
				LastSwiftUpdateCheck = 1530;
				LastUpgradeCheck = 1530;
				TargetAttributes = {
					E15180C72E8F520100A20CE5 = {
						CreatedOnToolsVersion = 15.3;
					};
				};
			};
			buildConfigurationList = E15180C32E8F520100A20CE5 /* Build configuration list for PBXProject "Simulisten" */;
			compatibilityVersion = "Xcode 14.0";
			developmentRegion = en;
			hasScannedForEncodings = 0;
			knownRegions = (
				en,
				Base,
			);
			mainGroup = E15180BF2E8F520100A20CE5;
			productRefGroup = E15180C92E8F520100A20CE5 /* Products */;
			projectDirPath = "";
			projectRoot = "";
			targets = (
				E15180C72E8F520100A20CE5 /* Simulisten */,
			);
		};
/* End PBXProject section */

/* Begin PBXResourcesBuildPhase section */
		E15180C62E8F520100A20CE5 /* Resources */ = {
			isa = PBXResourcesBuildPhase;
			buildActionMask = 2147483647;
			files = (
				E15180D32E8F520200A20CE5 /* Preview Assets.xcassets in Resources */,
				E15180D02E8F520200A20CE5 /* Assets.xcassets in Resources */,
				E151813F2E8F950800A20CE5 /* music1.mp3 in Resources */,
				E15181432E8F9A3100A20CE5 /* music2.mp3 in Resources */,
				E151814F2E92187F00A20CE5 /* music3.mp3 in Resources */,
				E151814B2E92176F00A20CE5 /* book3.mp3 in Resources */,
				E15181412E8F9A2900A20CE5 /* book2.mp3 in Resources */,
				E151813E2E8F950800A20CE5 /* book1.mp3 in Resources */,
			);
			runOnlyForDeploymentPostprocessing = 0;
		};
/* End PBXResourcesBuildPhase section */

/* Begin PBXSourcesBuildPhase section */
		E15180C42E8F520100A20CE5 /* Sources */ = {
			isa = PBXSourcesBuildPhase;
			buildActionMask = 2147483647;
			files = (
				E15180CE2E8F520100A20CE5 /* ContentView.swift in Sources */,
				E15180CC2E8F520100A20CE5 /* SimulistenApp.swift in Sources */,
			);
			runOnlyForDeploymentPostprocessing = 0;
		};
/* End PBXSourcesBuildPhase section */

/* Begin XCBuildConfiguration section */
		E15180D42E8F520200A20CE5 /* Debug */ = {
			isa = XCBuildConfiguration;
			buildSettings = {
				ALWAYS_SEARCH_USER_PATHS = NO;
				ASSETCATALOG_COMPILER_GENERATE_SWIFT_ASSET_SYMBOL_EXTENSIONS = YES;
				CLANG_ANALYZER_NONNULL = YES;
				CLANG_ANALYZER_NUMBER_OBJECT_CONVERSION = YES_AGGRESSIVE;
				CLANG_CXX_LANGUAGE_STANDARD = "gnu++20";
				CLANG_ENABLE_MODULES = YES;
				CLANG_ENABLE_OBJC_ARC = YES;
				CLANG_ENABLE_OBJC_WEAK = YES;
				CLANG_WARN_BLOCK_CAPTURE_AUTORELEASING = YES;
				CLANG_WARN_BOOL_CONVERSION = YES;
				CLANG_WARN_COMMA = YES;
				CLANG_WARN_CONSTANT_CONVERSION = YES;
				CLANG_WARN_DEPRECATED_OBJC_IMPLEMENTATIONS = YES;
				CLANG_WARN_DIRECT_OBJC_ISA_USAGE = YES_ERROR;
				CLANG_WARN_DOCUMENTATION_COMMENTS = YES;
				CLANG_WARN_EMPTY_BODY = YES;
				CLANG_WARN_ENUM_CONVERSION = YES;
				CLANG_WARN_INFINITE_RECURSION = YES;
				CLANG_WARN_INT_CONVERSION = YES;
				CLANG_WARN_NON_LITERAL_NULL_CONVERSION = YES;
				CLANG_WARN_OBJC_IMPLICIT_RETAIN_SELF = YES;
				CLANG_WARN_OBJC_LITERAL_CONVERSION = YES;
				CLANG_WARN_OBJC_ROOT_CLASS = YES_ERROR;
				CLANG_WARN_QUOTED_INCLUDE_IN_FRAMEWORK_HEADER = YES;
				CLANG_WARN_RANGE_LOOP_ANALYSIS = YES;
				CLANG_WARN_STRICT_PROTOTYPES = YES;
				CLANG_WARN_SUSPICIOUS_MOVE = YES;
				CLANG_WARN_UNGUARDED_AVAILABILITY = YES_AGGRESSIVE;
				CLANG_WARN_UNREACHABLE_CODE = YES;
				CLANG_WARN__DUPLICATE_METHOD_MATCH = YES;
				COPY_PHASE_STRIP = NO;
				DEBUG_INFORMATION_FORMAT = dwarf;
				ENABLE_STRICT_OBJC_MSGSEND = YES;
				ENABLE_TESTABILITY = YES;
				ENABLE_USER_SCRIPT_SANDBOXING = YES;
				GCC_C_LANGUAGE_STANDARD = gnu17;
				GCC_DYNAMIC_NO_PIC = NO;
				GCC_NO_COMMON_BLOCKS = YES;
				GCC_OPTIMIZATION_LEVEL = 0;
				GCC_PREPROCESSOR_DEFINITIONS = (
					"DEBUG=1",
					"$(inherited)",
				);
				GCC_WARN_64_TO_32_BIT_CONVERSION = YES;
				GCC_WARN_ABOUT_RETURN_TYPE = YES_ERROR;
				GCC_WARN_UNDECLARED_SELECTOR = YES;
				GCC_WARN_UNINITIALIZED_AUTOS = YES_AGGRESSIVE;
				GCC_WARN_UNUSED_FUNCTION = YES;
				GCC_WARN_UNUSED_VARIABLE = YES;
				IPHONEOS_DEPLOYMENT_TARGET = 17.4;
				LOCALIZATION_PREFERS_STRING_CATALOGS = YES;
				MTL_ENABLE_DEBUG_INFO = INCLUDE_SOURCE;
				MTL_FAST_MATH = YES;
				ONLY_ACTIVE_ARCH = YES;
				SDKROOT = iphoneos;
				SWIFT_ACTIVE_COMPILATION_CONDITIONS = "DEBUG $(inherited)";
				SWIFT_OPTIMIZATION_LEVEL = "-Onone";
			};
			name = Debug;
		};
		E15180D52E8F520200A20CE5 /* Release */ = {
			isa = XCBuildConfiguration;
			buildSettings = {
				ALWAYS_SEARCH_USER_PATHS = NO;
				ASSETCATALOG_COMPILER_GENERATE_SWIFT_ASSET_SYMBOL_EXTENSIONS = YES;
				CLANG_ANALYZER_NONNULL = YES;
				CLANG_ANALYZER_NUMBER_OBJECT_CONVERSION = YES_AGGRESSIVE;
				CLANG_CXX_LANGUAGE_STANDARD = "gnu++20";
				CLANG_ENABLE_MODULES = YES;
				CLANG_ENABLE_OBJC_ARC = YES;
				CLANG_ENABLE_OBJC_WEAK = YES;
				CLANG_WARN_BLOCK_CAPTURE_AUTORELEASING = YES;
				CLANG_WARN_BOOL_CONVERSION = YES;
				CLANG_WARN_COMMA = YES;
				CLANG_WARN_CONSTANT_CONVERSION = YES;
				CLANG_WARN_DEPRECATED_OBJC_IMPLEMENTATIONS = YES;
				CLANG_WARN_DIRECT_OBJC_ISA_USAGE = YES_ERROR;
				CLANG_WARN_DOCUMENTATION_COMMENTS = YES;
				CLANG_WARN_EMPTY_BODY = YES;
				CLANG_WARN_ENUM_CONVERSION = YES;
				CLANG_WARN_INFINITE_RECURSION = YES;
				CLANG_WARN_INT_CONVERSION = YES;
				CLANG_WARN_NON_LITERAL_NULL_CONVERSION = YES;
				CLANG_WARN_OBJC_IMPLICIT_RETAIN_SELF = YES;
				CLANG_WARN_OBJC_LITERAL_CONVERSION = YES;
				CLANG_WARN_OBJC_ROOT_CLASS = YES_ERROR;
				CLANG_WARN_QUOTED_INCLUDE_IN_FRAMEWORK_HEADER = YES;
				CLANG_WARN_RANGE_LOOP_ANALYSIS = YES;
				CLANG_WARN_STRICT_PROTOTYPES = YES;
				CLANG_WARN_SUSPICIOUS_MOVE = YES;
				CLANG_WARN_UNGUARDED_AVAILABILITY = YES_AGGRESSIVE;
				CLANG_WARN_UNREACHABLE_CODE = YES;
				CLANG_WARN__DUPLICATE_METHOD_MATCH = YES;
				COPY_PHASE_STRIP = NO;
				DEBUG_INFORMATION_FORMAT = "dwarf-with-dsym";
				ENABLE_NS_ASSERTIONS = NO;
				ENABLE_STRICT_OBJC_MSGSEND = YES;
				ENABLE_USER_SCRIPT_SANDBOXING = YES;
				GCC_C_LANGUAGE_STANDARD = gnu17;
				GCC_NO_COMMON_BLOCKS = YES;
				GCC_WARN_64_TO_32_BIT_CONVERSION = YES;
				GCC_WARN_ABOUT_RETURN_TYPE = YES_ERROR;
				GCC_WARN_UNDECLARED_SELECTOR = YES;
				GCC_WARN_UNINITIALIZED_AUTOS = YES_AGGRESSIVE;
				GCC_WARN_UNUSED_FUNCTION = YES;
				GCC_WARN_UNUSED_VARIABLE = YES;
				IPHONEOS_DEPLOYMENT_TARGET = 17.4;
				LOCALIZATION_PREFERS_STRING_CATALOGS = YES;
				MTL_ENABLE_DEBUG_INFO = NO;
				MTL_FAST_MATH = YES;
				SDKROOT = iphoneos;
				SWIFT_COMPILATION_MODE = wholemodule;
				VALIDATE_PRODUCT = YES;
			};
			name = Release;
		};
		E15180D72E8F520200A20CE5 /* Debug */ = {
			isa = XCBuildConfiguration;
			buildSettings = {
				ASSETCATALOG_COMPILER_APPICON_NAME = AppIcon;
				ASSETCATALOG_COMPILER_GLOBAL_ACCENT_COLOR_NAME = AccentColor;
				CODE_SIGN_STYLE = Automatic;
				CURRENT_PROJECT_VERSION = 1;
				DEVELOPMENT_ASSET_PATHS = "\"Simulisten/Preview Content\"";
				DEVELOPMENT_TEAM = R74QL8V35K;
				ENABLE_PREVIEWS = YES;
				GENERATE_INFOPLIST_FILE = YES;
				INFOPLIST_FILE = Simulisten/Info.plist;
				INFOPLIST_KEY_UIApplicationSceneManifest_Generation = YES;
				INFOPLIST_KEY_UIApplicationSupportsIndirectInputEvents = YES;
				INFOPLIST_KEY_UILaunchScreen_Generation = YES;
				INFOPLIST_KEY_UISupportedInterfaceOrientations_iPad = "UIInterfaceOrientationPortrait UIInterfaceOrientationPortraitUpsideDown UIInterfaceOrientationLandscapeLeft UIInterfaceOrientationLandscapeRight";
				INFOPLIST_KEY_UISupportedInterfaceOrientations_iPhone = "UIInterfaceOrientationPortrait UIInterfaceOrientationLandscapeLeft UIInterfaceOrientationLandscapeRight";
				LD_RUNPATH_SEARCH_PATHS = (
					"$(inherited)",
					"@executable_path/Frameworks",
				);
				MARKETING_VERSION = 1.0;
				PRODUCT_BUNDLE_IDENTIFIER = com.test.Simulisten;
				PRODUCT_NAME = "$(TARGET_NAME)";
				SWIFT_EMIT_LOC_STRINGS = YES;
				SWIFT_VERSION = 5.0;
				TARGETED_DEVICE_FAMILY = "1,2";
			};
			name = Debug;
		};
		E15180D82E8F520200A20CE5 /* Release */ = {
			isa = XCBuildConfiguration;
			buildSettings = {
				ASSETCATALOG_COMPILER_APPICON_NAME = AppIcon;
				ASSETCATALOG_COMPILER_GLOBAL_ACCENT_COLOR_NAME = AccentColor;
				CODE_SIGN_STYLE = Automatic;
				CURRENT_PROJECT_VERSION = 1;
				DEVELOPMENT_ASSET_PATHS = "\"Simulisten/Preview Content\"";
				DEVELOPMENT_TEAM = R74QL8V35K;
				ENABLE_PREVIEWS = YES;
				GENERATE_INFOPLIST_FILE = YES;
				INFOPLIST_FILE = Simulisten/Info.plist;
				INFOPLIST_KEY_UIApplicationSceneManifest_Generation = YES;
				INFOPLIST_KEY_UIApplicationSupportsIndirectInputEvents = YES;
				INFOPLIST_KEY_UILaunchScreen_Generation = YES;
				INFOPLIST_KEY_UISupportedInterfaceOrientations_iPad = "UIInterfaceOrientationPortrait UIInterfaceOrientationPortraitUpsideDown UIInterfaceOrientationLandscapeLeft UIInterfaceOrientationLandscapeRight";
				INFOPLIST_KEY_UISupportedInterfaceOrientations_iPhone = "UIInterfaceOrientationPortrait UIInterfaceOrientationLandscapeLeft UIInterfaceOrientationLandscapeRight";
				LD_RUNPATH_SEARCH_PATHS = (
					"$(inherited)",
					"@executable_path/Frameworks",
				);
				MARKETING_VERSION = 1.0;
				PRODUCT_BUNDLE_IDENTIFIER = com.test.Simulisten;
				PRODUCT_NAME = "$(TARGET_NAME)";
				SWIFT_EMIT_LOC_STRINGS = YES;
				SWIFT_VERSION = 5.0;
				TARGETED_DEVICE_FAMILY = "1,2";
			};
			name = Release;
		};
/* End XCBuildConfiguration section */

/* Begin XCConfigurationList section */
		E15180C32E8F520100A20CE5 /* Build configuration list for PBXProject "Simulisten" */ = {
			isa = XCConfigurationList;
			buildConfigurations = (
				E15180D42E8F520200A20CE5 /* Debug */,
				E15180D52E8F520200A20CE5 /* Release */,
			);
			defaultConfigurationIsVisible = 0;
			defaultConfigurationName = Release;
		};
		E15180D62E8F520200A20CE5 /* Build configuration list for PBXNativeTarget "Simulisten" */ = {
			isa = XCConfigurationList;
			buildConfigurations = (
				E15180D72E8F520200A20CE5 /* Debug */,
				E15180D82E8F520200A20CE5 /* Release */,
			);
			defaultConfigurationIsVisible = 0;
			defaultConfigurationName = Release;
		};
/* End XCConfigurationList section */
	};
	rootObject = E15180C02E8F520100A20CE5 /* Project object */;
}
